// !$*UTF8*$!
{
	archiveVersion = 1;
	classes = {
	};
	objectVersion = 46;
	objects = {

/* Begin PBXBuildFile section */
		6B11190F15927929001E9425 /* Default.png in Resources */ = {isa = PBXBuildFile; fileRef = 6B11190D15927929001E9425 /* Default.png */; };
		6B11191015927929001E9425 /* Icon.png in Resources */ = {isa = PBXBuildFile; fileRef = 6B11190E15927929001E9425 /* Icon.png */; };
		6BAAA815158D23550012107D /* UIKit.framework in Frameworks */ = {isa = PBXBuildFile; fileRef = 6BAAA814158D23550012107D /* UIKit.framework */; };
		6BAAA817158D23550012107D /* Foundation.framework in Frameworks */ = {isa = PBXBuildFile; fileRef = 6BAAA816158D23550012107D /* Foundation.framework */; };
		6BAAA819158D23550012107D /* CoreGraphics.framework in Frameworks */ = {isa = PBXBuildFile; fileRef = 6BAAA818158D23550012107D /* CoreGraphics.framework */; };
		6BAAA81F158D23560012107D /* InfoPlist.strings in Resources */ = {isa = PBXBuildFile; fileRef = 6BAAA81D158D23560012107D /* InfoPlist.strings */; };
		6BAAA821158D23560012107D /* main.m in Sources */ = {isa = PBXBuildFile; fileRef = 6BAAA820158D23560012107D /* main.m */; };
		6BAAA825158D23560012107D /* Jun21AppDelegate.m in Sources */ = {isa = PBXBuildFile; fileRef = 6BAAA824158D23560012107D /* Jun21AppDelegate.m */; };
		6BAAA82D158D23B90012107D /* View.m in Sources */ = {isa = PBXBuildFile; fileRef = 6BAAA82C158D23B90012107D /* View.m */; };
/* End PBXBuildFile section */

/* Begin PBXFileReference section */
		6B11190D15927929001E9425 /* Default.png */ = {isa = PBXFileReference; lastKnownFileType = image.png; path = Default.png; sourceTree = SOURCE_ROOT; };
		6B11190E15927929001E9425 /* Icon.png */ = {isa = PBXFileReference; lastKnownFileType = image.png; path = Icon.png; sourceTree = SOURCE_ROOT; };
		6BAAA810158D23550012107D /* Jun21.app */ = {isa = PBXFileReference; explicitFileType = wrapper.application; includeInIndex = 0; path = Jun21.app; sourceTree = BUILT_PRODUCTS_DIR; };
		6BAAA814158D23550012107D /* UIKit.framework */ = {isa = PBXFileReference; lastKnownFileType = wrapper.framework; name = UIKit.framework; path = System/Library/Frameworks/UIKit.framework; sourceTree = SDKROOT; };
		6BAAA816158D23550012107D /* Foundation.framework */ = {isa = PBXFileReference; lastKnownFileType = wrapper.framework; name = Foundation.framework; path = System/Library/Frameworks/Foundation.framework; sourceTree = SDKROOT; };
		6BAAA818158D23550012107D /* CoreGraphics.framework */ = {isa = PBXFileReference; lastKnownFileType = wrapper.framework; name = CoreGraphics.framework; path = System/Library/Frameworks/CoreGraphics.framework; sourceTree = SDKROOT; };
		6BAAA81C158D23560012107D /* Jun21-Info.plist */ = {isa = PBXFileReference; lastKnownFileType = text.plist.xml; path = "Jun21-Info.plist"; sourceTree = "<group>"; };
		6BAAA81E158D23560012107D /* en */ = {isa = PBXFileReference; lastKnownFileType = text.plist.strings; name = en; path = en.lproj/InfoPlist.strings; sourceTree = "<group>"; };
		6BAAA820158D23560012107D /* main.m */ = {isa = PBXFileReference; lastKnownFileType = sourcecode.c.objc; path = main.m; sourceTree = "<group>"; };
		6BAAA822158D23560012107D /* Jun21-Prefix.pch */ = {isa = PBXFileReference; lastKnownFileType = sourcecode.c.h; path = "Jun21-Prefix.pch"; sourceTree = "<group>"; };
		6BAAA823158D23560012107D /* Jun21AppDelegate.h */ = {isa = PBXFileReference; lastKnownFileType = sourcecode.c.h; path = Jun21AppDelegate.h; sourceTree = "<group>"; };
		6BAAA824158D23560012107D /* Jun21AppDelegate.m */ = {isa = PBXFileReference; lastKnownFileType = sourcecode.c.objc; path = Jun21AppDelegate.m; sourceTree = "<group>"; };
		6BAAA82B158D23B90012107D /* View.h */ = {isa = PBXFileReference; fileEncoding = 4; lastKnownFileType = sourcecode.c.h; path = View.h; sourceTree = "<group>"; };
		6BAAA82C158D23B90012107D /* View.m */ = {isa = PBXFileReference; fileEncoding = 4; lastKnownFileType = sourcecode.c.objc; path = View.m; sourceTree = "<group>"; };
/* End PBXFileReference section */

/* Begin PBXFrameworksBuildPhase section */
		6BAAA80D158D23550012107D /* Frameworks */ = {
			isa = PBXFrameworksBuildPhase;
			buildActionMask = 2147483647;
			files = (
				6BAAA815158D23550012107D /* UIKit.framework in Frameworks */,
				6BAAA817158D23550012107D /* Foundation.framework in Frameworks */,
				6BAAA819158D23550012107D /* CoreGraphics.framework in Frameworks */,
			);
			runOnlyForDeploymentPostprocessing = 0;
		};
/* End PBXFrameworksBuildPhase section */

/* Begin PBXGroup section */
		6BAAA805158D23550012107D = {
			isa = PBXGroup;
			children = (
				6BAAA81A158D23550012107D /* Jun21 */,
				6BAAA813158D23550012107D /* Frameworks */,
				6BAAA811158D23550012107D /* Products */,
			);
			sourceTree = "<group>";
		};
		6BAAA811158D23550012107D /* Products */ = {
			isa = PBXGroup;
			children = (
				6BAAA810158D23550012107D /* Jun21.app */,
			);
			name = Products;
			sourceTree = "<group>";
		};
		6BAAA813158D23550012107D /* Frameworks */ = {
			isa = PBXGroup;
			children = (
				6BAAA814158D23550012107D /* UIKit.framework */,
				6BAAA816158D23550012107D /* Foundation.framework */,
				6BAAA818158D23550012107D /* CoreGraphics.framework */,
			);
			name = Frameworks;
			sourceTree = "<group>";
		};
		6BAAA81A158D23550012107D /* Jun21 */ = {
			isa = PBXGroup;
			children = (
				6BAAA823158D23560012107D /* Jun21AppDelegate.h */,
				6BAAA824158D23560012107D /* Jun21AppDelegate.m */,
				6BAAA82B158D23B90012107D /* View.h */,
				6BAAA82C158D23B90012107D /* View.m */,
				6BAAA81B158D23560012107D /* Supporting Files */,
			);
			path = Jun21;
			sourceTree = "<group>";
		};
		6BAAA81B158D23560012107D /* Supporting Files */ = {
			isa = PBXGroup;
			children = (
				6B11190D15927929001E9425 /* Default.png */,
				6B11190E15927929001E9425 /* Icon.png */,
				6BAAA81C158D23560012107D /* Jun21-Info.plist */,
				6BAAA81D158D23560012107D /* InfoPlist.strings */,
				6BAAA820158D23560012107D /* main.m */,
				6BAAA822158D23560012107D /* Jun21-Prefix.pch */,
			);
			name = "Supporting Files";
			sourceTree = "<group>";
		};
/* End PBXGroup section */

/* Begin PBXNativeTarget section */
		6BAAA80F158D23550012107D /* Jun21 */ = {
			isa = PBXNativeTarget;
			buildConfigurationList = 6BAAA828158D23560012107D /* Build configuration list for PBXNativeTarget "Jun21" */;
			buildPhases = (
				6BAAA80C158D23550012107D /* Sources */,
				6BAAA80D158D23550012107D /* Frameworks */,
				6BAAA80E158D23550012107D /* Resources */,
			);
			buildRules = (
			);
			dependencies = (
			);
			name = Jun21;
			productName = Jun21;
			productReference = 6BAAA810158D23550012107D /* Jun21.app */;
			productType = "com.apple.product-type.application";
		};
/* End PBXNativeTarget section */

/* Begin PBXProject section */
		6BAAA807158D23550012107D /* Project object */ = {
			isa = PBXProject;
			attributes = {
				LastUpgradeCheck = 0420;
			};
			buildConfigurationList = 6BAAA80A158D23550012107D /* Build configuration list for PBXProject "Jun21" */;
			compatibilityVersion = "Xcode 3.2";
			developmentRegion = English;
			hasScannedForEncodings = 0;
			knownRegions = (
				en,
			);
			mainGroup = 6BAAA805158D23550012107D;
			productRefGroup = 6BAAA811158D23550012107D /* Products */;
			projectDirPath = "";
			projectRoot = "";
			targets = (
				6BAAA80F158D23550012107D /* Jun21 */,
			);
		};
/* End PBXProject section */

/* Begin PBXResourcesBuildPhase section */
		6BAAA80E158D23550012107D /* Resources */ = {
			isa = PBXResourcesBuildPhase;
			buildActionMask = 2147483647;
			files = (
				6BAAA81F158D23560012107D /* InfoPlist.strings in Resources */,
				6B11190F15927929001E9425 /* Default.png in Resources */,
				6B11191015927929001E9425 /* Icon.png in Resources */,
			);
			runOnlyForDeploymentPostprocessing = 0;
		};
/* End PBXResourcesBuildPhase section */

/* Begin PBXSourcesBuildPhase section */
		6BAAA80C158D23550012107D /* Sources */ = {
			isa = PBXSourcesBuildPhase;
			buildActionMask = 2147483647;
			files = (
				6BAAA821158D23560012107D /* main.m in Sources */,
				6BAAA825158D23560012107D /* Jun21AppDelegate.m in Sources */,
				6BAAA82D158D23B90012107D /* View.m in Sources */,
			);
			runOnlyForDeploymentPostprocessing = 0;
		};
/* End PBXSourcesBuildPhase section */

/* Begin PBXVariantGroup section */
		6BAAA81D158D23560012107D /* InfoPlist.strings */ = {
			isa = PBXVariantGroup;
			children = (
				6BAAA81E158D23560012107D /* en */,
			);
			name = InfoPlist.strings;
			sourceTree = "<group>";
		};
/* End PBXVariantGroup section */

/* Begin XCBuildConfiguration section */
		6BAAA826158D23560012107D /* Debug */ = {
			isa = XCBuildConfiguration;
			buildSettings = {
				ALWAYS_SEARCH_USER_PATHS = NO;
				ARCHS = "$(ARCHS_STANDARD_32_BIT)";
				CLANG_ENABLE_OBJC_ARC = YES;
				"CODE_SIGN_IDENTITY[sdk=iphoneos*]" = "iPhone Developer";
				COPY_PHASE_STRIP = NO;
				GCC_C_LANGUAGE_STANDARD = gnu99;
				GCC_DYNAMIC_NO_PIC = NO;
				GCC_OPTIMIZATION_LEVEL = 0;
				GCC_PREPROCESSOR_DEFINITIONS = (
					"DEBUG=1",
					"$(inherited)",
				);
				GCC_SYMBOLS_PRIVATE_EXTERN = NO;
				GCC_VERSION = com.apple.compilers.llvm.clang.1_0;
				GCC_WARN_ABOUT_MISSING_PROTOTYPES = YES;
				GCC_WARN_ABOUT_RETURN_TYPE = YES;
				GCC_WARN_UNUSED_VARIABLE = YES;
				IPHONEOS_DEPLOYMENT_TARGET = 5.0;
				SDKROOT = iphoneos;
			};
			name = Debug;
		};
		6BAAA827158D23560012107D /* Release */ = {
			isa = XCBuildConfiguration;
			buildSettings = {
				ALWAYS_SEARCH_USER_PATHS = NO;
				ARCHS = "$(ARCHS_STANDARD_32_BIT)";
				CLANG_ENABLE_OBJC_ARC = YES;
				"CODE_SIGN_IDENTITY[sdk=iphoneos*]" = "iPhone Developer";
				COPY_PHASE_STRIP = YES;
				GCC_C_LANGUAGE_STANDARD = gnu99;
				GCC_VERSION = com.apple.compilers.llvm.clang.1_0;
				GCC_WARN_ABOUT_MISSING_PROTOTYPES = YES;
				GCC_WARN_ABOUT_RETURN_TYPE = YES;
				GCC_WARN_UNUSED_VARIABLE = YES;
				IPHONEOS_DEPLOYMENT_TARGET = 5.0;
				OTHER_CFLAGS = "-DNS_BLOCK_ASSERTIONS=1";
				SDKROOT = iphoneos;
				VALIDATE_PRODUCT = YES;
			};
			name = Release;
		};
		6BAAA829158D23560012107D /* Debug */ = {
			isa = XCBuildConfiguration;
			buildSettings = {
				GCC_PRECOMPILE_PREFIX_HEADER = YES;
				GCC_PREFIX_HEADER = "Jun21/Jun21-Prefix.pch";
				INFOPLIST_FILE = "Jun21/Jun21-Info.plist";
				PRODUCT_NAME = "$(TARGET_NAME)";
				WRAPPER_EXTENSION = app;
			};
			name = Debug;
		};
		6BAAA82A158D23560012107D /* Release */ = {
			isa = XCBuildConfiguration;
			buildSettings = {
				GCC_PRECOMPILE_PREFIX_HEADER = YES;
				GCC_PREFIX_HEADER = "Jun21/Jun21-Prefix.pch";
				INFOPLIST_FILE = "Jun21/Jun21-Info.plist";
				PRODUCT_NAME = "$(TARGET_NAME)";
				WRAPPER_EXTENSION = app;
			};
			name = Release;
		};
/* End XCBuildConfiguration section */

/* Begin XCConfigurationList section */
		6BAAA80A158D23550012107D /* Build configuration list for PBXProject "Jun21" */ = {
			isa = XCConfigurationList;
			buildConfigurations = (
				6BAAA826158D23560012107D /* Debug */,
				6BAAA827158D23560012107D /* Release */,
			);
			defaultConfigurationIsVisible = 0;
			defaultConfigurationName = Release;
		};
		6BAAA828158D23560012107D /* Build configuration list for PBXNativeTarget "Jun21" */ = {
			isa = XCConfigurationList;
			buildConfigurations = (
				6BAAA829158D23560012107D /* Debug */,
				6BAAA82A158D23560012107D /* Release */,
			);
			defaultConfigurationIsVisible = 0;
			defaultConfigurationName = Release;
		};
/* End XCConfigurationList section */
	};
	rootObject = 6BAAA807158D23550012107D /* Project object */;
}
